
Microsoft Visual Studio Solution File, Format Version 12.00
# Visual Studio Version 17
VisualStudioVersion = 17.7.34031.279
MinimumVisualStudioVersion = 10.0.40219.1
Project("{FAE04EC0-301F-11D3-BF4B-00C04F79EFBC}") = "ApartmentWebsite", "ApartmentWebsite\ApartmentWebsite.csproj", "{6F273D5D-C5BE-4C65-A8F0-47698CF4880B}"
EndProject
Global
	GlobalSection(SolutionConfigurationPlatforms) = preSolution
		Debug|Any CPU = Debug|Any CPU
		Release|Any CPU = Release|Any CPU
	EndGlobalSection
	GlobalSection(ProjectConfigurationPlatforms) = postSolution
		{6F273D5D-C5BE-4C65-A8F0-47698CF4880B}.Debug|Any CPU.ActiveCfg = Debug|Any CPU
		{6F273D5D-C5BE-4C65-A8F0-47698CF4880B}.Debug|Any CPU.Build.0 = Debug|Any CPU
		{6F273D5D-C5BE-4C65-A8F0-47698CF4880B}.Release|Any CPU.ActiveCfg = Release|Any CPU
		{6F273D5D-C5BE-4C65-A8F0-47698CF4880B}.Release|Any CPU.Build.0 = Release|Any CPU
	EndGlobalSection
	GlobalSection(SolutionProperties) = preSolution
		HideSolutionNode = FALSE
	EndGlobalSection
	GlobalSection(ExtensibilityGlobals) = postSolution
		SolutionGuid = {998477B2-0450-49A7-9FFC-1D5F55F9A0C5}
	EndGlobalSection
EndGlobal
